
Microsoft Visual Studio Solution File, Format Version 12.00
# Visual Studio 14
VisualStudioVersion = 14.0.25123.0
MinimumVisualStudioVersion = 10.0.40219.1
Project("{FAE04EC0-301F-11D3-BF4B-00C04F79EFBC}") = "SmartMirror", "SmartMirror\SmartMirror.csproj", "{B0CFD43F-4B58-49D6-AF88-BAC5C9F4C64D}"
EndProject
Global
	GlobalSection(SolutionConfigurationPlatforms) = preSolution
		Debug|Any CPU = Debug|Any CPU
		Release|Any CPU = Release|Any CPU
	EndGlobalSection
	GlobalSection(ProjectConfigurationPlatforms) = postSolution
		{B0CFD43F-4B58-49D6-AF88-BAC5C9F4C64D}.Debug|Any CPU.ActiveCfg = Debug|Any CPU
		{B0CFD43F-4B58-49D6-AF88-BAC5C9F4C64D}.Debug|Any CPU.Build.0 = Debug|Any CPU
		{B0CFD43F-4B58-49D6-AF88-BAC5C9F4C64D}.Release|Any CPU.ActiveCfg = Release|Any CPU
		{B0CFD43F-4B58-49D6-AF88-BAC5C9F4C64D}.Release|Any CPU.Build.0 = Release|Any CPU
	EndGlobalSection
	GlobalSection(SolutionProperties) = preSolution
		HideSolutionNode = FALSE
	EndGlobalSection
EndGlobal
